# This file is automatically @generated by Cargo.
# It is not intended for manual editing.
version = 3

[[package]]
name = "exporter-crate"
version = "0.1.0"
dependencies = [
 "pin-project-lite",
]

[[package]]
name = "pin-project-lite"
version = "0.2.11"
source = "registry+https://github.com/rust-lang/crates.io-index"
checksum = "2c516611246607d0c04186886dbb3a754368ef82c79e9827a802c6d836dd111c"

[[package]]
name = "user-crate"
version = "0.1.0"
dependencies = [
 "exporter-crate",
]
